
Microsoft Visual Studio Solution File, Format Version 12.00
# Visual Studio 15
VisualStudioVersion = 15.0.27703.2042
MinimumVisualStudioVersion = 10.0.40219.1
Project("{8BC9CEB8-8B4A-11D0-8D11-00A0C91BC942}") = "fast_stl_impl", "src\fast_stl_impl.vcxproj", "{0DCC6D1F-38A7-4065-9AAE-72704329D46E}"
EndProject
Project("{888888A0-9F3D-457C-B088-3A5042F75D52}") = "fast_stl", "fast_stl.pyproj", "{0C60F91F-FC88-4930-9E8D-AA48D5C3EC2E}"
EndProject
Global
	GlobalSection(SolutionConfigurationPlatforms) = preSolution
		Debug|Any CPU = Debug|Any CPU
		Debug|x64 = Debug|x64
		Debug|x86 = Debug|x86
		Release|Any CPU = Release|Any CPU
		Release|x64 = Release|x64
		Release|x86 = Release|x86
	EndGlobalSection
	GlobalSection(ProjectConfigurationPlatforms) = postSolution
		{0DCC6D1F-38A7-4065-9AAE-72704329D46E}.Debug|Any CPU.ActiveCfg = Debug|Win32
		{0DCC6D1F-38A7-4065-9AAE-72704329D46E}.Debug|Any CPU.Build.0 = Debug|Win32
		{0DCC6D1F-38A7-4065-9AAE-72704329D46E}.Debug|x64.ActiveCfg = Debug|x64
		{0DCC6D1F-38A7-4065-9AAE-72704329D46E}.Debug|x64.Build.0 = Debug|x64
		{0DCC6D1F-38A7-4065-9AAE-72704329D46E}.Debug|x86.ActiveCfg = Debug|Win32
		{0DCC6D1F-38A7-4065-9AAE-72704329D46E}.Debug|x86.Build.0 = Debug|Win32
		{0DCC6D1F-38A7-4065-9AAE-72704329D46E}.Release|Any CPU.ActiveCfg = Release|Win32
		{0DCC6D1F-38A7-4065-9AAE-72704329D46E}.Release|Any CPU.Build.0 = Release|Win32
		{0DCC6D1F-38A7-4065-9AAE-72704329D46E}.Release|x64.ActiveCfg = Release|x64
		{0DCC6D1F-38A7-4065-9AAE-72704329D46E}.Release|x64.Build.0 = Release|x64
		{0DCC6D1F-38A7-4065-9AAE-72704329D46E}.Release|x86.ActiveCfg = Release|Win32
		{0DCC6D1F-38A7-4065-9AAE-72704329D46E}.Release|x86.Build.0 = Release|Win32
		{0C60F91F-FC88-4930-9E8D-AA48D5C3EC2E}.Debug|Any CPU.ActiveCfg = Debug|Any CPU
		{0C60F91F-FC88-4930-9E8D-AA48D5C3EC2E}.Debug|x64.ActiveCfg = Debug|Any CPU
		{0C60F91F-FC88-4930-9E8D-AA48D5C3EC2E}.Debug|x86.ActiveCfg = Debug|Any CPU
		{0C60F91F-FC88-4930-9E8D-AA48D5C3EC2E}.Release|Any CPU.ActiveCfg = Release|Any CPU
		{0C60F91F-FC88-4930-9E8D-AA48D5C3EC2E}.Release|x64.ActiveCfg = Release|Any CPU
		{0C60F91F-FC88-4930-9E8D-AA48D5C3EC2E}.Release|x86.ActiveCfg = Release|Any CPU
	EndGlobalSection
	GlobalSection(SolutionProperties) = preSolution
		HideSolutionNode = FALSE
	EndGlobalSection
	GlobalSection(ExtensibilityGlobals) = postSolution
		SolutionGuid = {99F757C7-B0D0-4AB8-9A66-BC705C298438}
	EndGlobalSection
EndGlobal
